
Microsoft Visual Studio Solution File, Format Version 12.00
# Visual Studio Version 16
VisualStudioVersion = 16.0.31729.503
MinimumVisualStudioVersion = 10.0.40219.1
Project("{FAE04EC0-301F-11D3-BF4B-00C04F79EFBC}") = "Model", "Model\Model.csproj", "{2B94ED14-47E2-454B-B7F1-2E928F4A9BF2}"
EndProject
Project("{FAE04EC0-301F-11D3-BF4B-00C04F79EFBC}") = "BLL", "BLL\BLL.csproj", "{190601CD-4A0E-42C7-AB7F-842BA11AA2BF}"
EndProject
Project("{FAE04EC0-301F-11D3-BF4B-00C04F79EFBC}") = "DAL", "DAL\DAL.csproj", "{E861BF25-3ADD-4473-8899-69F475E9E85A}"
EndProject
Project("{FAE04EC0-301F-11D3-BF4B-00C04F79EFBC}") = "ServiceTest", "ServiceTest\ServiceTest.csproj", "{763D8D39-8D6E-413B-8128-42915AFCED65}"
EndProject
Project("{FAE04EC0-301F-11D3-BF4B-00C04F79EFBC}") = "Chloe.MySql", "..\Chloe-master\src\DotNet\Chloe.MySql\Chloe.MySql.csproj", "{D2F4970B-35BA-4855-BEFA-75ADB44BC196}"
EndProject
Global
	GlobalSection(SolutionConfigurationPlatforms) = preSolution
		Debug|Any CPU = Debug|Any CPU
		Debug|Mixed Platforms = Debug|Mixed Platforms
		Debug|x86 = Debug|x86
		Release|Any CPU = Release|Any CPU
		Release|Mixed Platforms = Release|Mixed Platforms
		Release|x86 = Release|x86
	EndGlobalSection
	GlobalSection(ProjectConfigurationPlatforms) = postSolution
		{2B94ED14-47E2-454B-B7F1-2E928F4A9BF2}.Debug|Any CPU.ActiveCfg = Debug|Any CPU
		{2B94ED14-47E2-454B-B7F1-2E928F4A9BF2}.Debug|Any CPU.Build.0 = Debug|Any CPU
		{2B94ED14-47E2-454B-B7F1-2E928F4A9BF2}.Debug|Mixed Platforms.ActiveCfg = Debug|Any CPU
		{2B94ED14-47E2-454B-B7F1-2E928F4A9BF2}.Debug|Mixed Platforms.Build.0 = Debug|Any CPU
		{2B94ED14-47E2-454B-B7F1-2E928F4A9BF2}.Debug|x86.ActiveCfg = Debug|Any CPU
		{2B94ED14-47E2-454B-B7F1-2E928F4A9BF2}.Release|Any CPU.ActiveCfg = Release|Any CPU
		{2B94ED14-47E2-454B-B7F1-2E928F4A9BF2}.Release|Any CPU.Build.0 = Release|Any CPU
		{2B94ED14-47E2-454B-B7F1-2E928F4A9BF2}.Release|Mixed Platforms.ActiveCfg = Release|Any CPU
		{2B94ED14-47E2-454B-B7F1-2E928F4A9BF2}.Release|Mixed Platforms.Build.0 = Release|Any CPU
		{2B94ED14-47E2-454B-B7F1-2E928F4A9BF2}.Release|x86.ActiveCfg = Release|Any CPU
		{190601CD-4A0E-42C7-AB7F-842BA11AA2BF}.Debug|Any CPU.ActiveCfg = Debug|Any CPU
		{190601CD-4A0E-42C7-AB7F-842BA11AA2BF}.Debug|Any CPU.Build.0 = Debug|Any CPU
		{190601CD-4A0E-42C7-AB7F-842BA11AA2BF}.Debug|Mixed Platforms.ActiveCfg = Debug|Any CPU
		{190601CD-4A0E-42C7-AB7F-842BA11AA2BF}.Debug|Mixed Platforms.Build.0 = Debug|Any CPU
		{190601CD-4A0E-42C7-AB7F-842BA11AA2BF}.Debug|x86.ActiveCfg = Debug|Any CPU
		{190601CD-4A0E-42C7-AB7F-842BA11AA2BF}.Release|Any CPU.ActiveCfg = Release|Any CPU
		{190601CD-4A0E-42C7-AB7F-842BA11AA2BF}.Release|Any CPU.Build.0 = Release|Any CPU
		{190601CD-4A0E-42C7-AB7F-842BA11AA2BF}.Release|Mixed Platforms.ActiveCfg = Release|Any CPU
		{190601CD-4A0E-42C7-AB7F-842BA11AA2BF}.Release|Mixed Platforms.Build.0 = Release|Any CPU
		{190601CD-4A0E-42C7-AB7F-842BA11AA2BF}.Release|x86.ActiveCfg = Release|Any CPU
		{E861BF25-3ADD-4473-8899-69F475E9E85A}.Debug|Any CPU.ActiveCfg = Debug|Any CPU
		{E861BF25-3ADD-4473-8899-69F475E9E85A}.Debug|Any CPU.Build.0 = Debug|Any CPU
		{E861BF25-3ADD-4473-8899-69F475E9E85A}.Debug|Mixed Platforms.ActiveCfg = Debug|Any CPU
		{E861BF25-3ADD-4473-8899-69F475E9E85A}.Debug|Mixed Platforms.Build.0 = Debug|Any CPU
		{E861BF25-3ADD-4473-8899-69F475E9E85A}.Debug|x86.ActiveCfg = Debug|Any CPU
		{E861BF25-3ADD-4473-8899-69F475E9E85A}.Release|Any CPU.ActiveCfg = Release|Any CPU
		{E861BF25-3ADD-4473-8899-69F475E9E85A}.Release|Any CPU.Build.0 = Release|Any CPU
		{E861BF25-3ADD-4473-8899-69F475E9E85A}.Release|Mixed Platforms.ActiveCfg = Release|Any CPU
		{E861BF25-3ADD-4473-8899-69F475E9E85A}.Release|Mixed Platforms.Build.0 = Release|Any CPU
		{E861BF25-3ADD-4473-8899-69F475E9E85A}.Release|x86.ActiveCfg = Release|Any CPU
		{763D8D39-8D6E-413B-8128-42915AFCED65}.Debug|Any CPU.ActiveCfg = Debug|x86
		{763D8D39-8D6E-413B-8128-42915AFCED65}.Debug|Any CPU.Build.0 = Debug|x86
		{763D8D39-8D6E-413B-8128-42915AFCED65}.Debug|Mixed Platforms.ActiveCfg = Debug|x86
		{763D8D39-8D6E-413B-8128-42915AFCED65}.Debug|Mixed Platforms.Build.0 = Debug|x86
		{763D8D39-8D6E-413B-8128-42915AFCED65}.Debug|x86.ActiveCfg = Debug|x86
		{763D8D39-8D6E-413B-8128-42915AFCED65}.Debug|x86.Build.0 = Debug|x86
		{763D8D39-8D6E-413B-8128-42915AFCED65}.Release|Any CPU.ActiveCfg = Release|x86
		{763D8D39-8D6E-413B-8128-42915AFCED65}.Release|Mixed Platforms.ActiveCfg = Release|x86
		{763D8D39-8D6E-413B-8128-42915AFCED65}.Release|Mixed Platforms.Build.0 = Release|x86
		{763D8D39-8D6E-413B-8128-42915AFCED65}.Release|x86.ActiveCfg = Release|x86
		{763D8D39-8D6E-413B-8128-42915AFCED65}.Release|x86.Build.0 = Release|x86
		{D2F4970B-35BA-4855-BEFA-75ADB44BC196}.Debug|Any CPU.ActiveCfg = Debug|Any CPU
		{D2F4970B-35BA-4855-BEFA-75ADB44BC196}.Debug|Any CPU.Build.0 = Debug|Any CPU
		{D2F4970B-35BA-4855-BEFA-75ADB44BC196}.Debug|Mixed Platforms.ActiveCfg = Debug|Any CPU
		{D2F4970B-35BA-4855-BEFA-75ADB44BC196}.Debug|Mixed Platforms.Build.0 = Debug|Any CPU
		{D2F4970B-35BA-4855-BEFA-75ADB44BC196}.Debug|x86.ActiveCfg = Debug|Any CPU
		{D2F4970B-35BA-4855-BEFA-75ADB44BC196}.Debug|x86.Build.0 = Debug|Any CPU
		{D2F4970B-35BA-4855-BEFA-75ADB44BC196}.Release|Any CPU.ActiveCfg = Release|Any CPU
		{D2F4970B-35BA-4855-BEFA-75ADB44BC196}.Release|Any CPU.Build.0 = Release|Any CPU
		{D2F4970B-35BA-4855-BEFA-75ADB44BC196}.Release|Mixed Platforms.ActiveCfg = Release|Any CPU
		{D2F4970B-35BA-4855-BEFA-75ADB44BC196}.Release|Mixed Platforms.Build.0 = Release|Any CPU
		{D2F4970B-35BA-4855-BEFA-75ADB44BC196}.Release|x86.ActiveCfg = Release|Any CPU
		{D2F4970B-35BA-4855-BEFA-75ADB44BC196}.Release|x86.Build.0 = Release|Any CPU
	EndGlobalSection
	GlobalSection(SolutionProperties) = preSolution
		HideSolutionNode = FALSE
	EndGlobalSection
	GlobalSection(ExtensibilityGlobals) = postSolution
		SolutionGuid = {2A72F8DF-BDA9-4FBB-BE28-D1A3C7C41A3B}
	EndGlobalSection
EndGlobal
